
Microsoft Visual Studio Solution File, Format Version 12.00
# Visual Studio Version 16
VisualStudioVersion = 16.0.31129.286
MinimumVisualStudioVersion = 10.0.40219.1
Project("{E53339B2-1760-4266-BCC7-CA923CBCF16C}") = "docker-compose", "docker-compose.dcproj", "{C509B210-0B64-4602-8614-69861CCFD676}"
EndProject
Project("{2150E333-8FDC-42A3-9474-1A3956D46DE8}") = "Services", "Services", "{BFEE7692-2153-4DD0-A689-885A7D401914}"
EndProject
Project("{2150E333-8FDC-42A3-9474-1A3956D46DE8}") = "Catalog", "Catalog", "{5E458077-F3D1-4D29-95A6-F8CF9266D114}"
EndProject
Project("{9A19103F-16F7-4668-BE54-9A1E7A4F7556}") = "Catalog.API", "Services\Catalog\Catalog.API\Catalog.API.csproj", "{9B113B36-7ECB-4BB7-8D19-AC2A42FAAF10}"
EndProject
Project("{2150E333-8FDC-42A3-9474-1A3956D46DE8}") = "Basket", "Basket", "{DA7408F6-553F-4A5F-8AEE-FC6CB747DBFD}"
EndProject
Project("{9A19103F-16F7-4668-BE54-9A1E7A4F7556}") = "Basket.API", "Services\Basket\Basket.API\Basket.API.csproj", "{A1C075C3-8043-446D-8629-6FB234BAE0A1}"
EndProject
Project("{2150E333-8FDC-42A3-9474-1A3956D46DE8}") = "Discount", "Discount", "{F460EEEA-FC84-49B2-888E-489D02C45FC1}"
EndProject
Project("{9A19103F-16F7-4668-BE54-9A1E7A4F7556}") = "Discount.API", "Services\Discount\Discount.API\Discount.API.csproj", "{C1ED6FA7-4DF6-4C24-BD2A-487272B901DD}"
EndProject
Project("{9A19103F-16F7-4668-BE54-9A1E7A4F7556}") = "Discount.gRPC", "Services\Discount\Discount.Grpc\Discount.gRPC.csproj", "{8F947F00-8FEB-4000-80CC-F94AA8B60075}"
EndProject
Project("{2150E333-8FDC-42A3-9474-1A3956D46DE8}") = "Ordering", "Ordering", "{4B17C347-4FA2-41A5-9D9C-BD516718C85A}"
EndProject
Project("{9A19103F-16F7-4668-BE54-9A1E7A4F7556}") = "Ordering.API", "Services\Ordering\Ordering.API\Ordering.API.csproj", "{332E020B-F70F-40FE-8174-18CC566E8536}"
EndProject
Project("{9A19103F-16F7-4668-BE54-9A1E7A4F7556}") = "Ordering.Domain", "Services\Ordering\Ordering.Domain\Ordering.Domain.csproj", "{2E3AC2B5-0DE8-45E9-8DB5-8332F167058F}"
EndProject
Project("{9A19103F-16F7-4668-BE54-9A1E7A4F7556}") = "Ordering.Application", "Services\Ordering\Ordering.Application\Ordering.Application.csproj", "{34589FD8-90A4-4137-A31E-FF581826F280}"
EndProject
Project("{9A19103F-16F7-4668-BE54-9A1E7A4F7556}") = "Ordering.Infrastructure", "Services\Ordering\Ordering.Infrastructure\Ordering.Infrastructure.csproj", "{F5436C4E-4515-47B2-95E0-52FF0682AD15}"
EndProject
Project("{2150E333-8FDC-42A3-9474-1A3956D46DE8}") = "BuildingBlocks", "BuildingBlocks", "{66DC50FB-BD88-4EC2-BC00-F464B403240A}"
EndProject
Project("{FAE04EC0-301F-11D3-BF4B-00C04F79EFBC}") = "EventBus.Messages", "BuildingBlocks\EventBus.Messages\EventBus.Messages.csproj", "{3BF9D458-0506-4790-8D4F-7B3CF9FF98F0}"
EndProject
Global
	GlobalSection(SolutionConfigurationPlatforms) = preSolution
		Debug|Any CPU = Debug|Any CPU
		Release|Any CPU = Release|Any CPU
	EndGlobalSection
	GlobalSection(ProjectConfigurationPlatforms) = postSolution
		{C509B210-0B64-4602-8614-69861CCFD676}.Debug|Any CPU.ActiveCfg = Debug|Any CPU
		{C509B210-0B64-4602-8614-69861CCFD676}.Debug|Any CPU.Build.0 = Debug|Any CPU
		{C509B210-0B64-4602-8614-69861CCFD676}.Release|Any CPU.ActiveCfg = Release|Any CPU
		{C509B210-0B64-4602-8614-69861CCFD676}.Release|Any CPU.Build.0 = Release|Any CPU
		{9B113B36-7ECB-4BB7-8D19-AC2A42FAAF10}.Debug|Any CPU.ActiveCfg = Debug|Any CPU
		{9B113B36-7ECB-4BB7-8D19-AC2A42FAAF10}.Debug|Any CPU.Build.0 = Debug|Any CPU
		{9B113B36-7ECB-4BB7-8D19-AC2A42FAAF10}.Release|Any CPU.ActiveCfg = Release|Any CPU
		{9B113B36-7ECB-4BB7-8D19-AC2A42FAAF10}.Release|Any CPU.Build.0 = Release|Any CPU
		{A1C075C3-8043-446D-8629-6FB234BAE0A1}.Debug|Any CPU.ActiveCfg = Debug|Any CPU
		{A1C075C3-8043-446D-8629-6FB234BAE0A1}.Debug|Any CPU.Build.0 = Debug|Any CPU
		{A1C075C3-8043-446D-8629-6FB234BAE0A1}.Release|Any CPU.ActiveCfg = Release|Any CPU
		{A1C075C3-8043-446D-8629-6FB234BAE0A1}.Release|Any CPU.Build.0 = Release|Any CPU
		{C1ED6FA7-4DF6-4C24-BD2A-487272B901DD}.Debug|Any CPU.ActiveCfg = Debug|Any CPU
		{C1ED6FA7-4DF6-4C24-BD2A-487272B901DD}.Debug|Any CPU.Build.0 = Debug|Any CPU
		{C1ED6FA7-4DF6-4C24-BD2A-487272B901DD}.Release|Any CPU.ActiveCfg = Release|Any CPU
		{C1ED6FA7-4DF6-4C24-BD2A-487272B901DD}.Release|Any CPU.Build.0 = Release|Any CPU
		{8F947F00-8FEB-4000-80CC-F94AA8B60075}.Debug|Any CPU.ActiveCfg = Debug|Any CPU
		{8F947F00-8FEB-4000-80CC-F94AA8B60075}.Debug|Any CPU.Build.0 = Debug|Any CPU
		{8F947F00-8FEB-4000-80CC-F94AA8B60075}.Release|Any CPU.ActiveCfg = Release|Any CPU
		{8F947F00-8FEB-4000-80CC-F94AA8B60075}.Release|Any CPU.Build.0 = Release|Any CPU
		{332E020B-F70F-40FE-8174-18CC566E8536}.Debug|Any CPU.ActiveCfg = Debug|Any CPU
		{332E020B-F70F-40FE-8174-18CC566E8536}.Debug|Any CPU.Build.0 = Debug|Any CPU
		{332E020B-F70F-40FE-8174-18CC566E8536}.Release|Any CPU.ActiveCfg = Release|Any CPU
		{332E020B-F70F-40FE-8174-18CC566E8536}.Release|Any CPU.Build.0 = Release|Any CPU
		{2E3AC2B5-0DE8-45E9-8DB5-8332F167058F}.Debug|Any CPU.ActiveCfg = Debug|Any CPU
		{2E3AC2B5-0DE8-45E9-8DB5-8332F167058F}.Debug|Any CPU.Build.0 = Debug|Any CPU
		{2E3AC2B5-0DE8-45E9-8DB5-8332F167058F}.Release|Any CPU.ActiveCfg = Release|Any CPU
		{2E3AC2B5-0DE8-45E9-8DB5-8332F167058F}.Release|Any CPU.Build.0 = Release|Any CPU
		{34589FD8-90A4-4137-A31E-FF581826F280}.Debug|Any CPU.ActiveCfg = Debug|Any CPU
		{34589FD8-90A4-4137-A31E-FF581826F280}.Debug|Any CPU.Build.0 = Debug|Any CPU
		{34589FD8-90A4-4137-A31E-FF581826F280}.Release|Any CPU.ActiveCfg = Release|Any CPU
		{34589FD8-90A4-4137-A31E-FF581826F280}.Release|Any CPU.Build.0 = Release|Any CPU
		{F5436C4E-4515-47B2-95E0-52FF0682AD15}.Debug|Any CPU.ActiveCfg = Debug|Any CPU
		{F5436C4E-4515-47B2-95E0-52FF0682AD15}.Debug|Any CPU.Build.0 = Debug|Any CPU
		{F5436C4E-4515-47B2-95E0-52FF0682AD15}.Release|Any CPU.ActiveCfg = Release|Any CPU
		{F5436C4E-4515-47B2-95E0-52FF0682AD15}.Release|Any CPU.Build.0 = Release|Any CPU
		{3BF9D458-0506-4790-8D4F-7B3CF9FF98F0}.Debug|Any CPU.ActiveCfg = Debug|Any CPU
		{3BF9D458-0506-4790-8D4F-7B3CF9FF98F0}.Debug|Any CPU.Build.0 = Debug|Any CPU
		{3BF9D458-0506-4790-8D4F-7B3CF9FF98F0}.Release|Any CPU.ActiveCfg = Release|Any CPU
		{3BF9D458-0506-4790-8D4F-7B3CF9FF98F0}.Release|Any CPU.Build.0 = Release|Any CPU
	EndGlobalSection
	GlobalSection(SolutionProperties) = preSolution
		HideSolutionNode = FALSE
	EndGlobalSection
	GlobalSection(NestedProjects) = preSolution
		{5E458077-F3D1-4D29-95A6-F8CF9266D114} = {BFEE7692-2153-4DD0-A689-885A7D401914}
		{9B113B36-7ECB-4BB7-8D19-AC2A42FAAF10} = {5E458077-F3D1-4D29-95A6-F8CF9266D114}
		{DA7408F6-553F-4A5F-8AEE-FC6CB747DBFD} = {BFEE7692-2153-4DD0-A689-885A7D401914}
		{A1C075C3-8043-446D-8629-6FB234BAE0A1} = {DA7408F6-553F-4A5F-8AEE-FC6CB747DBFD}
		{F460EEEA-FC84-49B2-888E-489D02C45FC1} = {BFEE7692-2153-4DD0-A689-885A7D401914}
		{C1ED6FA7-4DF6-4C24-BD2A-487272B901DD} = {F460EEEA-FC84-49B2-888E-489D02C45FC1}
		{8F947F00-8FEB-4000-80CC-F94AA8B60075} = {F460EEEA-FC84-49B2-888E-489D02C45FC1}
		{4B17C347-4FA2-41A5-9D9C-BD516718C85A} = {BFEE7692-2153-4DD0-A689-885A7D401914}
		{332E020B-F70F-40FE-8174-18CC566E8536} = {4B17C347-4FA2-41A5-9D9C-BD516718C85A}
		{2E3AC2B5-0DE8-45E9-8DB5-8332F167058F} = {4B17C347-4FA2-41A5-9D9C-BD516718C85A}
		{34589FD8-90A4-4137-A31E-FF581826F280} = {4B17C347-4FA2-41A5-9D9C-BD516718C85A}
		{F5436C4E-4515-47B2-95E0-52FF0682AD15} = {4B17C347-4FA2-41A5-9D9C-BD516718C85A}
		{3BF9D458-0506-4790-8D4F-7B3CF9FF98F0} = {66DC50FB-BD88-4EC2-BC00-F464B403240A}
	EndGlobalSection
	GlobalSection(ExtensibilityGlobals) = postSolution
		SolutionGuid = {7749DD36-479A-4CE1-A41F-B734DF09D865}
	EndGlobalSection
EndGlobal
